{
  "name": "AccWE",
  "lockfileVersion": 3,
  "requires": true,
  "packages": {
    "": {
      "dependencies": {
        "mnn": "^0.0.0-alpha.0"
      }
    },
    "node_modules/mnn": {
      "version": "0.0.0-alpha.0",
      "resolved": "https://registry.npmjs.org/mnn/-/mnn-0.0.0-alpha.0.tgz",
      "integrity": "sha512-sf8+0CIVR6rmzpbfPxMsAZEww0oWDbmAa77F1PoXpAbGbyDtTH7QbFh1lhSgdsbM9IuG6RMAwqG8lY+sCjTZ/Q=="
    }
  }
}
